// !$*UTF8*$!
{
	archiveVersion = 1;
	classes = {
	};
	objectVersion = 50;
	objects = {

/* Begin PBXBuildFile section */
		260E4745219C6077008B6271 /* AppDelegate.swift in Sources */ = {isa = PBXBuildFile; fileRef = 260E4744219C6077008B6271 /* AppDelegate.swift */; };
		260E4747219C6077008B6271 /* RootViewController.swift in Sources */ = {isa = PBXBuildFile; fileRef = 260E4746219C6077008B6271 /* RootViewController.swift */; };
		260E4749219C6077008B6271 /* DataViewController.swift in Sources */ = {isa = PBXBuildFile; fileRef = 260E4748219C6077008B6271 /* DataViewController.swift */; };
		260E474B219C6077008B6271 /* ModelController.swift in Sources */ = {isa = PBXBuildFile; fileRef = 260E474A219C6077008B6271 /* ModelController.swift */; };
		260E474E219C6077008B6271 /* Main.storyboard in Resources */ = {isa = PBXBuildFile; fileRef = 260E474C219C6077008B6271 /* Main.storyboard */; };
		260E4750219C607A008B6271 /* Assets.xcassets in Resources */ = {isa = PBXBuildFile; fileRef = 260E474F219C607A008B6271 /* Assets.xcassets */; };
		260E4753219C607A008B6271 /* LaunchScreen.storyboard in Resources */ = {isa = PBXBuildFile; fileRef = 260E4751219C607A008B6271 /* LaunchScreen.storyboard */; };
		261A77C321BE5CD3001E7F68 /* PageManagerViewController.swift in Sources */ = {isa = PBXBuildFile; fileRef = 261A77C221BE5CD3001E7F68 /* PageManagerViewController.swift */; };
		2659626521BE42F40020BCE4 /* Main1TableViewController.swift in Sources */ = {isa = PBXBuildFile; fileRef = 2659626421BE42F40020BCE4 /* Main1TableViewController.swift */; };
/* End PBXBuildFile section */

/* Begin PBXFileReference section */
		260E4741219C6077008B6271 /* Relation.app */ = {isa = PBXFileReference; explicitFileType = wrapper.application; includeInIndex = 0; path = Relation.app; sourceTree = BUILT_PRODUCTS_DIR; };
		260E4744219C6077008B6271 /* AppDelegate.swift */ = {isa = PBXFileReference; lastKnownFileType = sourcecode.swift; path = AppDelegate.swift; sourceTree = "<group>"; };
		260E4746219C6077008B6271 /* RootViewController.swift */ = {isa = PBXFileReference; lastKnownFileType = sourcecode.swift; path = RootViewController.swift; sourceTree = "<group>"; };
		260E4748219C6077008B6271 /* DataViewController.swift */ = {isa = PBXFileReference; lastKnownFileType = sourcecode.swift; path = DataViewController.swift; sourceTree = "<group>"; };
		260E474A219C6077008B6271 /* ModelController.swift */ = {isa = PBXFileReference; lastKnownFileType = sourcecode.swift; path = ModelController.swift; sourceTree = "<group>"; };
		260E474D219C6077008B6271 /* Base */ = {isa = PBXFileReference; lastKnownFileType = file.storyboard; name = Base; path = Base.lproj/Main.storyboard; sourceTree = "<group>"; };
		260E474F219C607A008B6271 /* Assets.xcassets */ = {isa = PBXFileReference; lastKnownFileType = folder.assetcatalog; path = Assets.xcassets; sourceTree = "<group>"; };
		260E4752219C607A008B6271 /* Base */ = {isa = PBXFileReference; lastKnownFileType = file.storyboard; name = Base; path = Base.lproj/LaunchScreen.storyboard; sourceTree = "<group>"; };
		260E4754219C607A008B6271 /* Info.plist */ = {isa = PBXFileReference; lastKnownFileType = text.plist.xml; path = Info.plist; sourceTree = "<group>"; };
		261A77C221BE5CD3001E7F68 /* PageManagerViewController.swift */ = {isa = PBXFileReference; lastKnownFileType = sourcecode.swift; path = PageManagerViewController.swift; sourceTree = "<group>"; };
		2659626421BE42F40020BCE4 /* Main1TableViewController.swift */ = {isa = PBXFileReference; lastKnownFileType = sourcecode.swift; path = Main1TableViewController.swift; sourceTree = "<group>"; };
/* End PBXFileReference section */

/* Begin PBXFrameworksBuildPhase section */
		260E473E219C6077008B6271 /* Frameworks */ = {
			isa = PBXFrameworksBuildPhase;
			buildActionMask = 2147483647;
			files = (
			);
			runOnlyForDeploymentPostprocessing = 0;
		};
/* End PBXFrameworksBuildPhase section */

/* Begin PBXGroup section */
		260E4738219C6077008B6271 = {
			isa = PBXGroup;
			children = (
				260E4743219C6077008B6271 /* Relation */,
				260E4742219C6077008B6271 /* Products */,
			);
			sourceTree = "<group>";
		};
		260E4742219C6077008B6271 /* Products */ = {
			isa = PBXGroup;
			children = (
				260E4741219C6077008B6271 /* Relation.app */,
			);
			name = Products;
			sourceTree = "<group>";
		};
		260E4743219C6077008B6271 /* Relation */ = {
			isa = PBXGroup;
			children = (
				260E4744219C6077008B6271 /* AppDelegate.swift */,
				260E4746219C6077008B6271 /* RootViewController.swift */,
				260E4748219C6077008B6271 /* DataViewController.swift */,
				260E474A219C6077008B6271 /* ModelController.swift */,
				260E474C219C6077008B6271 /* Main.storyboard */,
				261A77C221BE5CD3001E7F68 /* PageManagerViewController.swift */,
				2659626421BE42F40020BCE4 /* Main1TableViewController.swift */,
				260E474F219C607A008B6271 /* Assets.xcassets */,
				260E4751219C607A008B6271 /* LaunchScreen.storyboard */,
				260E4754219C607A008B6271 /* Info.plist */,
			);
			path = Relation;
			sourceTree = "<group>";
		};
/* End PBXGroup section */

/* Begin PBXNativeTarget section */
		260E4740219C6077008B6271 /* Relation */ = {
			isa = PBXNativeTarget;
			buildConfigurationList = 260E4757219C607A008B6271 /* Build configuration list for PBXNativeTarget "Relation" */;
			buildPhases = (
				260E473D219C6077008B6271 /* Sources */,
				260E473E219C6077008B6271 /* Frameworks */,
				260E473F219C6077008B6271 /* Resources */,
			);
			buildRules = (
			);
			dependencies = (
			);
			name = Relation;
			productName = Relation;
			productReference = 260E4741219C6077008B6271 /* Relation.app */;
			productType = "com.apple.product-type.application";
		};
/* End PBXNativeTarget section */

/* Begin PBXProject section */
		260E4739219C6077008B6271 /* Project object */ = {
			isa = PBXProject;
			attributes = {
				LastSwiftUpdateCheck = 1010;
				LastUpgradeCheck = 1010;
				ORGANIZATIONNAME = "Jiang Yuyang";
				TargetAttributes = {
					260E4740219C6077008B6271 = {
						CreatedOnToolsVersion = 10.1;
					};
				};
			};
			buildConfigurationList = 260E473C219C6077008B6271 /* Build configuration list for PBXProject "Relation" */;
			compatibilityVersion = "Xcode 9.3";
			developmentRegion = en;
			hasScannedForEncodings = 0;
			knownRegions = (
				en,
				Base,
			);
			mainGroup = 260E4738219C6077008B6271;
			productRefGroup = 260E4742219C6077008B6271 /* Products */;
			projectDirPath = "";
			projectRoot = "";
			targets = (
				260E4740219C6077008B6271 /* Relation */,
			);
		};
/* End PBXProject section */

/* Begin PBXResourcesBuildPhase section */
		260E473F219C6077008B6271 /* Resources */ = {
			isa = PBXResourcesBuildPhase;
			buildActionMask = 2147483647;
			files = (
				260E4753219C607A008B6271 /* LaunchScreen.storyboard in Resources */,
				260E4750219C607A008B6271 /* Assets.xcassets in Resources */,
				260E474E219C6077008B6271 /* Main.storyboard in Resources */,
			);
			runOnlyForDeploymentPostprocessing = 0;
		};
/* End PBXResourcesBuildPhase section */

/* Begin PBXSourcesBuildPhase section */
		260E473D219C6077008B6271 /* Sources */ = {
			isa = PBXSourcesBuildPhase;
			buildActionMask = 2147483647;
			files = (
				260E4747219C6077008B6271 /* RootViewController.swift in Sources */,
				260E474B219C6077008B6271 /* ModelController.swift in Sources */,
				2659626521BE42F40020BCE4 /* Main1TableViewController.swift in Sources */,
				260E4749219C6077008B6271 /* DataViewController.swift in Sources */,
				260E4745219C6077008B6271 /* AppDelegate.swift in Sources */,
				261A77C321BE5CD3001E7F68 /* PageManagerViewController.swift in Sources */,
			);
			runOnlyForDeploymentPostprocessing = 0;
		};
/* End PBXSourcesBuildPhase section */

/* Begin PBXVariantGroup section */
		260E474C219C6077008B6271 /* Main.storyboard */ = {
			isa = PBXVariantGroup;
			children = (
				260E474D219C6077008B6271 /* Base */,
			);
			name = Main.storyboard;
			sourceTree = "<group>";
		};
		260E4751219C607A008B6271 /* LaunchScreen.storyboard */ = {
			isa = PBXVariantGroup;
			children = (
				260E4752219C607A008B6271 /* Base */,
			);
			name = LaunchScreen.storyboard;
			sourceTree = "<group>";
		};
/* End PBXVariantGroup section */

/* Begin XCBuildConfiguration section */
		260E4755219C607A008B6271 /* Debug */ = {
			isa = XCBuildConfiguration;
			buildSettings = {
				ALWAYS_SEARCH_USER_PATHS = NO;
				CLANG_ANALYZER_NONNULL = YES;
				CLANG_ANALYZER_NUMBER_OBJECT_CONVERSION = YES_AGGRESSIVE;
				CLANG_CXX_LANGUAGE_STANDARD = "gnu++14";
				CLANG_CXX_LIBRARY = "libc++";
				CLANG_ENABLE_MODULES = YES;
				CLANG_ENABLE_OBJC_ARC = YES;
				CLANG_ENABLE_OBJC_WEAK = YES;
				CLANG_WARN_BLOCK_CAPTURE_AUTORELEASING = YES;
				CLANG_WARN_BOOL_CONVERSION = YES;
				CLANG_WARN_COMMA = YES;
				CLANG_WARN_CONSTANT_CONVERSION = YES;
				CLANG_WARN_DEPRECATED_OBJC_IMPLEMENTATIONS = YES;
				CLANG_WARN_DIRECT_OBJC_ISA_USAGE = YES_ERROR;
				CLANG_WARN_DOCUMENTATION_COMMENTS = YES;
				CLANG_WARN_EMPTY_BODY = YES;
				CLANG_WARN_ENUM_CONVERSION = YES;
				CLANG_WARN_INFINITE_RECURSION = YES;
				CLANG_WARN_INT_CONVERSION = YES;
				CLANG_WARN_NON_LITERAL_NULL_CONVERSION = YES;
				CLANG_WARN_OBJC_IMPLICIT_RETAIN_SELF = YES;
				CLANG_WARN_OBJC_LITERAL_CONVERSION = YES;
				CLANG_WARN_OBJC_ROOT_CLASS = YES_ERROR;
				CLANG_WARN_RANGE_LOOP_ANALYSIS = YES;
				CLANG_WARN_STRICT_PROTOTYPES = YES;
				CLANG_WARN_SUSPICIOUS_MOVE = YES;
				CLANG_WARN_UNGUARDED_AVAILABILITY = YES_AGGRESSIVE;
				CLANG_WARN_UNREACHABLE_CODE = YES;
				CLANG_WARN__DUPLICATE_METHOD_MATCH = YES;
				CODE_SIGN_IDENTITY = "iPhone Developer";
				COPY_PHASE_STRIP = NO;
				DEBUG_INFORMATION_FORMAT = dwarf;
				ENABLE_STRICT_OBJC_MSGSEND = YES;
				ENABLE_TESTABILITY = YES;
				GCC_C_LANGUAGE_STANDARD = gnu11;
				GCC_DYNAMIC_NO_PIC = NO;
				GCC_NO_COMMON_BLOCKS = YES;
				GCC_OPTIMIZATION_LEVEL = 0;
				GCC_PREPROCESSOR_DEFINITIONS = (
					"DEBUG=1",
					"$(inherited)",
				);
				GCC_WARN_64_TO_32_BIT_CONVERSION = YES;
				GCC_WARN_ABOUT_RETURN_TYPE = YES_ERROR;
				GCC_WARN_UNDECLARED_SELECTOR = YES;
				GCC_WARN_UNINITIALIZED_AUTOS = YES_AGGRESSIVE;
				GCC_WARN_UNUSED_FUNCTION = YES;
				GCC_WARN_UNUSED_VARIABLE = YES;
				IPHONEOS_DEPLOYMENT_TARGET = 12.1;
				MTL_ENABLE_DEBUG_INFO = INCLUDE_SOURCE;
				MTL_FAST_MATH = YES;
				ONLY_ACTIVE_ARCH = YES;
				SDKROOT = iphoneos;
				SWIFT_ACTIVE_COMPILATION_CONDITIONS = DEBUG;
				SWIFT_OPTIMIZATION_LEVEL = "-Onone";
			};
			name = Debug;
		};
		260E4756219C607A008B6271 /* Release */ = {
			isa = XCBuildConfiguration;
			buildSettings = {
				ALWAYS_SEARCH_USER_PATHS = NO;
				CLANG_ANALYZER_NONNULL = YES;
				CLANG_ANALYZER_NUMBER_OBJECT_CONVERSION = YES_AGGRESSIVE;
				CLANG_CXX_LANGUAGE_STANDARD = "gnu++14";
				CLANG_CXX_LIBRARY = "libc++";
				CLANG_ENABLE_MODULES = YES;
				CLANG_ENABLE_OBJC_ARC = YES;
				CLANG_ENABLE_OBJC_WEAK = YES;
				CLANG_WARN_BLOCK_CAPTURE_AUTORELEASING = YES;
				CLANG_WARN_BOOL_CONVERSION = YES;
				CLANG_WARN_COMMA = YES;
				CLANG_WARN_CONSTANT_CONVERSION = YES;
				CLANG_WARN_DEPRECATED_OBJC_IMPLEMENTATIONS = YES;
				CLANG_WARN_DIRECT_OBJC_ISA_USAGE = YES_ERROR;
				CLANG_WARN_DOCUMENTATION_COMMENTS = YES;
				CLANG_WARN_EMPTY_BODY = YES;
				CLANG_WARN_ENUM_CONVERSION = YES;
				CLANG_WARN_INFINITE_RECURSION = YES;
				CLANG_WARN_INT_CONVERSION = YES;
				CLANG_WARN_NON_LITERAL_NULL_CONVERSION = YES;
				CLANG_WARN_OBJC_IMPLICIT_RETAIN_SELF = YES;
				CLANG_WARN_OBJC_LITERAL_CONVERSION = YES;
				CLANG_WARN_OBJC_ROOT_CLASS = YES_ERROR;
				CLANG_WARN_RANGE_LOOP_ANALYSIS = YES;
				CLANG_WARN_STRICT_PROTOTYPES = YES;
				CLANG_WARN_SUSPICIOUS_MOVE = YES;
				CLANG_WARN_UNGUARDED_AVAILABILITY = YES_AGGRESSIVE;
				CLANG_WARN_UNREACHABLE_CODE = YES;
				CLANG_WARN__DUPLICATE_METHOD_MATCH = YES;
				CODE_SIGN_IDENTITY = "iPhone Developer";
				COPY_PHASE_STRIP = NO;
				DEBUG_INFORMATION_FORMAT = "dwarf-with-dsym";
				ENABLE_NS_ASSERTIONS = NO;
				ENABLE_STRICT_OBJC_MSGSEND = YES;
				GCC_C_LANGUAGE_STANDARD = gnu11;
				GCC_NO_COMMON_BLOCKS = YES;
				GCC_WARN_64_TO_32_BIT_CONVERSION = YES;
				GCC_WARN_ABOUT_RETURN_TYPE = YES_ERROR;
				GCC_WARN_UNDECLARED_SELECTOR = YES;
				GCC_WARN_UNINITIALIZED_AUTOS = YES_AGGRESSIVE;
				GCC_WARN_UNUSED_FUNCTION = YES;
				GCC_WARN_UNUSED_VARIABLE = YES;
				IPHONEOS_DEPLOYMENT_TARGET = 12.1;
				MTL_ENABLE_DEBUG_INFO = NO;
				MTL_FAST_MATH = YES;
				SDKROOT = iphoneos;
				SWIFT_COMPILATION_MODE = wholemodule;
				SWIFT_OPTIMIZATION_LEVEL = "-O";
				VALIDATE_PRODUCT = YES;
			};
			name = Release;
		};
		260E4758219C607A008B6271 /* Debug */ = {
			isa = XCBuildConfiguration;
			buildSettings = {
				ASSETCATALOG_COMPILER_APPICON_NAME = AppIcon;
				CODE_SIGN_STYLE = Automatic;
				DEVELOPMENT_TEAM = 7SL3G5H843;
				INFOPLIST_FILE = Relation/Info.plist;
				LD_RUNPATH_SEARCH_PATHS = (
					"$(inherited)",
					"@executable_path/Frameworks",
				);
				PRODUCT_BUNDLE_IDENTIFIER = com.google.huyuu258.Relation;
				PRODUCT_NAME = "$(TARGET_NAME)";
				SWIFT_VERSION = 4.2;
				TARGETED_DEVICE_FAMILY = "1,2";
			};
			name = Debug;
		};
		260E4759219C607A008B6271 /* Release */ = {
			isa = XCBuildConfiguration;
			buildSettings = {
				ASSETCATALOG_COMPILER_APPICON_NAME = AppIcon;
				CODE_SIGN_STYLE = Automatic;
				DEVELOPMENT_TEAM = 7SL3G5H843;
				INFOPLIST_FILE = Relation/Info.plist;
				LD_RUNPATH_SEARCH_PATHS = (
					"$(inherited)",
					"@executable_path/Frameworks",
				);
				PRODUCT_BUNDLE_IDENTIFIER = com.google.huyuu258.Relation;
				PRODUCT_NAME = "$(TARGET_NAME)";
				SWIFT_VERSION = 4.2;
				TARGETED_DEVICE_FAMILY = "1,2";
			};
			name = Release;
		};
/* End XCBuildConfiguration section */

/* Begin XCConfigurationList section */
		260E473C219C6077008B6271 /* Build configuration list for PBXProject "Relation" */ = {
			isa = XCConfigurationList;
			buildConfigurations = (
				260E4755219C607A008B6271 /* Debug */,
				260E4756219C607A008B6271 /* Release */,
			);
			defaultConfigurationIsVisible = 0;
			defaultConfigurationName = Release;
		};
		260E4757219C607A008B6271 /* Build configuration list for PBXNativeTarget "Relation" */ = {
			isa = XCConfigurationList;
			buildConfigurations = (
				260E4758219C607A008B6271 /* Debug */,
				260E4759219C607A008B6271 /* Release */,
			);
			defaultConfigurationIsVisible = 0;
			defaultConfigurationName = Release;
		};
/* End XCConfigurationList section */
	};
	rootObject = 260E4739219C6077008B6271 /* Project object */;
}
